<Solution>
  <Configurations>
    <Platform Name="ARM64" />
    <Platform Name="x64" />
    <Platform Name="x86" />
  </Configurations>
  <Project Path="CodexAccountSwitch.WinUI/CodexAccountSwitch.WinUI.csproj">
    <Platform Solution="*|ARM64" Project="ARM64" />
    <Platform Solution="*|x64" Project="x64" />
    <Platform Solution="*|x86" Project="x86" />
    <Deploy />
  </Project>
  <Project Path="CodexAccountSwitch.Api/CodexAccountSwitch.Api.csproj" />
  <Project Path="CodexAccountSwitch.Api.Test/CodexAccountSwitch.Api.Test.csproj" />
</Solution>
